
Microsoft Visual Studio Solution File, Format Version 12.00
# Visual Studio Version 17
VisualStudioVersion = 17.4.33205.214
MinimumVisualStudioVersion = 10.0.40219.1
Project("{FAE04EC0-301F-11D3-BF4B-00C04F79EFBC}") = "Home work 17.05.2023", "Home work 17.05.2023\Home work 17.05.2023.csproj", "{AA6F5C15-B916-4F10-8962-6ACAC436A2A3}"
EndProject
Global
	GlobalSection(SolutionConfigurationPlatforms) = preSolution
		Debug|Any CPU = Debug|Any CPU
		Release|Any CPU = Release|Any CPU
	EndGlobalSection
	GlobalSection(ProjectConfigurationPlatforms) = postSolution
		{AA6F5C15-B916-4F10-8962-6ACAC436A2A3}.Debug|Any CPU.ActiveCfg = Debug|Any CPU
		{AA6F5C15-B916-4F10-8962-6ACAC436A2A3}.Debug|Any CPU.Build.0 = Debug|Any CPU
		{AA6F5C15-B916-4F10-8962-6ACAC436A2A3}.Release|Any CPU.ActiveCfg = Release|Any CPU
		{AA6F5C15-B916-4F10-8962-6ACAC436A2A3}.Release|Any CPU.Build.0 = Release|Any CPU
	EndGlobalSection
	GlobalSection(SolutionProperties) = preSolution
		HideSolutionNode = FALSE
	EndGlobalSection
	GlobalSection(ExtensibilityGlobals) = postSolution
		SolutionGuid = {1C6650BE-596A-456E-8601-F18D48C538DD}
	EndGlobalSection
EndGlobal
